// !$*UTF8*$!
{
	archiveVersion = 1;
	classes = {
	};
	objectVersion = 51;
	objects = {

/* Begin PBXBuildFile section */
		8D23241763E7FCDF58B48008 /* Pods_MonumetsMinsk.framework in Frameworks */ = {isa = PBXBuildFile; fileRef = 42012C9E0908860862C07FFB /* Pods_MonumetsMinsk.framework */; };
		C92F79DE263D444000A733A4 /* Translate.swift in Sources */ = {isa = PBXBuildFile; fileRef = C92F79DD263D444000A733A4 /* Translate.swift */; };
		C92F79E9263D51D700A733A4 /* Localizable.strings in Resources */ = {isa = PBXBuildFile; fileRef = C92F79EB263D51D700A733A4 /* Localizable.strings */; };
		C95A0D07263C02A8009E8727 /* Storage.swift in Sources */ = {isa = PBXBuildFile; fileRef = C95A0D06263C02A8009E8727 /* Storage.swift */; };
		C95DA188263A10780063F3A2 /* FirebaseAuth.swift in Sources */ = {isa = PBXBuildFile; fileRef = C95DA187263A10780063F3A2 /* FirebaseAuth.swift */; };
		C9661F4B2641C3C40008A8EF /* BlurView.swift in Sources */ = {isa = PBXBuildFile; fileRef = C9661F4A2641C3C40008A8EF /* BlurView.swift */; };
		C99319EF263A7987000689D9 /* HomeView.swift in Sources */ = {isa = PBXBuildFile; fileRef = C99319EE263A7987000689D9 /* HomeView.swift */; };
		C99319F2263A8424000689D9 /* SessionStore.swift in Sources */ = {isa = PBXBuildFile; fileRef = C99319F1263A8424000689D9 /* SessionStore.swift */; };
		C9B02F282639E7D10036D04D /* MonumetsMinskApp.swift in Sources */ = {isa = PBXBuildFile; fileRef = C9B02F272639E7D10036D04D /* MonumetsMinskApp.swift */; };
		C9B02F2A2639E7D10036D04D /* ContentView.swift in Sources */ = {isa = PBXBuildFile; fileRef = C9B02F292639E7D10036D04D /* ContentView.swift */; };
		C9B02F2C2639E7D20036D04D /* Assets.xcassets in Resources */ = {isa = PBXBuildFile; fileRef = C9B02F2B2639E7D20036D04D /* Assets.xcassets */; };
		C9B02F2F2639E7D20036D04D /* Preview Assets.xcassets in Resources */ = {isa = PBXBuildFile; fileRef = C9B02F2E2639E7D20036D04D /* Preview Assets.xcassets */; };
		C9B02F3C2639E8F20036D04D /* UserDefault.swift in Sources */ = {isa = PBXBuildFile; fileRef = C9B02F3B2639E8F20036D04D /* UserDefault.swift */; };
		C9B02F402639E9940036D04D /* UserSettings.swift in Sources */ = {isa = PBXBuildFile; fileRef = C9B02F3F2639E9940036D04D /* UserSettings.swift */; };
		C9B02F442639EA570036D04D /* SingInView.swift in Sources */ = {isa = PBXBuildFile; fileRef = C9B02F432639EA570036D04D /* SingInView.swift */; };
		C9B02F4F2639F8900036D04D /* SingUpView.swift in Sources */ = {isa = PBXBuildFile; fileRef = C9B02F4E2639F8900036D04D /* SingUpView.swift */; };
		C9B02F522639FC700036D04D /* User.swift in Sources */ = {isa = PBXBuildFile; fileRef = C9B02F512639FC700036D04D /* User.swift */; };
		C9B02F55263A040C0036D04D /* GoogleService-Info.plist in Resources */ = {isa = PBXBuildFile; fileRef = C9B02F54263A040C0036D04D /* GoogleService-Info.plist */; };
		C9EBC8F6263B408800CE09D8 /* Monument.swift in Sources */ = {isa = PBXBuildFile; fileRef = C9EBC8F5263B408800CE09D8 /* Monument.swift */; };
		C9EBC8F9263B413F00CE09D8 /* Sculptor.swift in Sources */ = {isa = PBXBuildFile; fileRef = C9EBC8F8263B413F00CE09D8 /* Sculptor.swift */; };
		C9EBC8FD263B425D00CE09D8 /* Sculptors.plist in Resources */ = {isa = PBXBuildFile; fileRef = C9EBC8FC263B425D00CE09D8 /* Sculptors.plist */; };
		C9EBC900263B427300CE09D8 /* Monuments.plist in Resources */ = {isa = PBXBuildFile; fileRef = C9EBC8FF263B427300CE09D8 /* Monuments.plist */; };
		C9EBC90A263B4F7800CE09D8 /* RecordView.swift in Sources */ = {isa = PBXBuildFile; fileRef = C9EBC909263B4F7800CE09D8 /* RecordView.swift */; };
		C9EBC90D263B509A00CE09D8 /* MonumentView.swift in Sources */ = {isa = PBXBuildFile; fileRef = C9EBC90C263B509A00CE09D8 /* MonumentView.swift */; };
		C9EBC910263B549500CE09D8 /* PlistControl.swift in Sources */ = {isa = PBXBuildFile; fileRef = C9EBC90F263B549500CE09D8 /* PlistControl.swift */; };
/* End PBXBuildFile section */

/* Begin PBXFileReference section */
		2712C543DFB3C922B3F3D0E5 /* Pods-MonumetsMinsk.debug.xcconfig */ = {isa = PBXFileReference; includeInIndex = 1; lastKnownFileType = text.xcconfig; name = "Pods-MonumetsMinsk.debug.xcconfig"; path = "Target Support Files/Pods-MonumetsMinsk/Pods-MonumetsMinsk.debug.xcconfig"; sourceTree = "<group>"; };
		42012C9E0908860862C07FFB /* Pods_MonumetsMinsk.framework */ = {isa = PBXFileReference; explicitFileType = wrapper.framework; includeInIndex = 0; path = Pods_MonumetsMinsk.framework; sourceTree = BUILT_PRODUCTS_DIR; };
		A1B8E2D491D91DA47C07FF09 /* Pods-MonumetsMinsk.release.xcconfig */ = {isa = PBXFileReference; includeInIndex = 1; lastKnownFileType = text.xcconfig; name = "Pods-MonumetsMinsk.release.xcconfig"; path = "Target Support Files/Pods-MonumetsMinsk/Pods-MonumetsMinsk.release.xcconfig"; sourceTree = "<group>"; };
		C92F79DD263D444000A733A4 /* Translate.swift */ = {isa = PBXFileReference; lastKnownFileType = sourcecode.swift; path = Translate.swift; sourceTree = "<group>"; };
		C92F79EA263D51D700A733A4 /* en */ = {isa = PBXFileReference; lastKnownFileType = text.plist.strings; name = en; path = en.lproj/Localizable.strings; sourceTree = "<group>"; };
		C92F79ED263D524C00A733A4 /* ru */ = {isa = PBXFileReference; lastKnownFileType = text.plist.strings; name = ru; path = ru.lproj/Localizable.strings; sourceTree = "<group>"; };
		C92F79EF263D525400A733A4 /* de */ = {isa = PBXFileReference; lastKnownFileType = text.plist.strings; name = de; path = de.lproj/Localizable.strings; sourceTree = "<group>"; };
		C95A0D06263C02A8009E8727 /* Storage.swift */ = {isa = PBXFileReference; lastKnownFileType = sourcecode.swift; path = Storage.swift; sourceTree = "<group>"; };
		C95DA187263A10780063F3A2 /* FirebaseAuth.swift */ = {isa = PBXFileReference; lastKnownFileType = sourcecode.swift; path = FirebaseAuth.swift; sourceTree = "<group>"; };
		C9661F4A2641C3C40008A8EF /* BlurView.swift */ = {isa = PBXFileReference; lastKnownFileType = sourcecode.swift; path = BlurView.swift; sourceTree = "<group>"; };
		C99319EE263A7987000689D9 /* HomeView.swift */ = {isa = PBXFileReference; lastKnownFileType = sourcecode.swift; path = HomeView.swift; sourceTree = "<group>"; };
		C99319F1263A8424000689D9 /* SessionStore.swift */ = {isa = PBXFileReference; lastKnownFileType = sourcecode.swift; path = SessionStore.swift; sourceTree = "<group>"; };
		C9B02F242639E7D10036D04D /* MonumetsMinsk.app */ = {isa = PBXFileReference; explicitFileType = wrapper.application; includeInIndex = 0; path = MonumetsMinsk.app; sourceTree = BUILT_PRODUCTS_DIR; };
		C9B02F272639E7D10036D04D /* MonumetsMinskApp.swift */ = {isa = PBXFileReference; lastKnownFileType = sourcecode.swift; path = MonumetsMinskApp.swift; sourceTree = "<group>"; };
		C9B02F292639E7D10036D04D /* ContentView.swift */ = {isa = PBXFileReference; lastKnownFileType = sourcecode.swift; path = ContentView.swift; sourceTree = "<group>"; };
		C9B02F2B2639E7D20036D04D /* Assets.xcassets */ = {isa = PBXFileReference; lastKnownFileType = folder.assetcatalog; path = Assets.xcassets; sourceTree = "<group>"; };
		C9B02F2E2639E7D20036D04D /* Preview Assets.xcassets */ = {isa = PBXFileReference; lastKnownFileType = folder.assetcatalog; path = "Preview Assets.xcassets"; sourceTree = "<group>"; };
		C9B02F302639E7D20036D04D /* Info.plist */ = {isa = PBXFileReference; lastKnownFileType = text.plist.xml; path = Info.plist; sourceTree = "<group>"; };
		C9B02F3B2639E8F20036D04D /* UserDefault.swift */ = {isa = PBXFileReference; lastKnownFileType = sourcecode.swift; path = UserDefault.swift; sourceTree = "<group>"; };
		C9B02F3F2639E9940036D04D /* UserSettings.swift */ = {isa = PBXFileReference; lastKnownFileType = sourcecode.swift; path = UserSettings.swift; sourceTree = "<group>"; };
		C9B02F432639EA570036D04D /* SingInView.swift */ = {isa = PBXFileReference; lastKnownFileType = sourcecode.swift; path = SingInView.swift; sourceTree = "<group>"; };
		C9B02F4E2639F8900036D04D /* SingUpView.swift */ = {isa = PBXFileReference; lastKnownFileType = sourcecode.swift; path = SingUpView.swift; sourceTree = "<group>"; };
		C9B02F512639FC700036D04D /* User.swift */ = {isa = PBXFileReference; lastKnownFileType = sourcecode.swift; path = User.swift; sourceTree = "<group>"; };
		C9B02F54263A040C0036D04D /* GoogleService-Info.plist */ = {isa = PBXFileReference; fileEncoding = 4; lastKnownFileType = text.plist.xml; path = "GoogleService-Info.plist"; sourceTree = "<group>"; };
		C9EBC8F5263B408800CE09D8 /* Monument.swift */ = {isa = PBXFileReference; lastKnownFileType = sourcecode.swift; path = Monument.swift; sourceTree = "<group>"; };
		C9EBC8F8263B413F00CE09D8 /* Sculptor.swift */ = {isa = PBXFileReference; lastKnownFileType = sourcecode.swift; path = Sculptor.swift; sourceTree = "<group>"; };
		C9EBC8FC263B425D00CE09D8 /* Sculptors.plist */ = {isa = PBXFileReference; lastKnownFileType = text.plist.xml; path = Sculptors.plist; sourceTree = "<group>"; };
		C9EBC8FF263B427300CE09D8 /* Monuments.plist */ = {isa = PBXFileReference; lastKnownFileType = text.plist.xml; path = Monuments.plist; sourceTree = "<group>"; };
		C9EBC909263B4F7800CE09D8 /* RecordView.swift */ = {isa = PBXFileReference; lastKnownFileType = sourcecode.swift; path = RecordView.swift; sourceTree = "<group>"; };
		C9EBC90C263B509A00CE09D8 /* MonumentView.swift */ = {isa = PBXFileReference; lastKnownFileType = sourcecode.swift; path = MonumentView.swift; sourceTree = "<group>"; };
		C9EBC90F263B549500CE09D8 /* PlistControl.swift */ = {isa = PBXFileReference; lastKnownFileType = sourcecode.swift; path = PlistControl.swift; sourceTree = "<group>"; };
/* End PBXFileReference section */

/* Begin PBXFrameworksBuildPhase section */
		C9B02F212639E7D10036D04D /* Frameworks */ = {
			isa = PBXFrameworksBuildPhase;
			buildActionMask = 2147483647;
			files = (
				8D23241763E7FCDF58B48008 /* Pods_MonumetsMinsk.framework in Frameworks */,
			);
			runOnlyForDeploymentPostprocessing = 0;
		};
/* End PBXFrameworksBuildPhase section */

/* Begin PBXGroup section */
		2CF45667475804EF0824BD5F /* Frameworks */ = {
			isa = PBXGroup;
			children = (
				42012C9E0908860862C07FFB /* Pods_MonumetsMinsk.framework */,
			);
			name = Frameworks;
			sourceTree = "<group>";
		};
		C9B02F1B2639E7D10036D04D = {
			isa = PBXGroup;
			children = (
				C9B02F262639E7D10036D04D /* MonumetsMinsk */,
				C9B02F252639E7D10036D04D /* Products */,
				CD1B274C87DBB3D98FE78282 /* Pods */,
				2CF45667475804EF0824BD5F /* Frameworks */,
			);
			sourceTree = "<group>";
		};
		C9B02F252639E7D10036D04D /* Products */ = {
			isa = PBXGroup;
			children = (
				C9B02F242639E7D10036D04D /* MonumetsMinsk.app */,
			);
			name = Products;
			sourceTree = "<group>";
		};
		C9B02F262639E7D10036D04D /* MonumetsMinsk */ = {
			isa = PBXGroup;
			children = (
				C9EBC8FB263B423400CE09D8 /* Resources */,
				C9B02F422639E9D50036D04D /* View */,
				C9B02F3A2639E8C30036D04D /* Models */,
				C9B02F382639E8A70036D04D /* Controller */,
				C9B02F272639E7D10036D04D /* MonumetsMinskApp.swift */,
				C9B02F292639E7D10036D04D /* ContentView.swift */,
				C92F79EB263D51D700A733A4 /* Localizable.strings */,
				C9B02F2B2639E7D20036D04D /* Assets.xcassets */,
				C9B02F54263A040C0036D04D /* GoogleService-Info.plist */,
				C9B02F302639E7D20036D04D /* Info.plist */,
				C9B02F2D2639E7D20036D04D /* Preview Content */,
			);
			path = MonumetsMinsk;
			sourceTree = "<group>";
		};
		C9B02F2D2639E7D20036D04D /* Preview Content */ = {
			isa = PBXGroup;
			children = (
				C9B02F2E2639E7D20036D04D /* Preview Assets.xcassets */,
			);
			path = "Preview Content";
			sourceTree = "<group>";
		};
		C9B02F382639E8A70036D04D /* Controller */ = {
			isa = PBXGroup;
			children = (
				C95DA187263A10780063F3A2 /* FirebaseAuth.swift */,
				C99319F1263A8424000689D9 /* SessionStore.swift */,
				C9EBC90F263B549500CE09D8 /* PlistControl.swift */,
				C92F79DD263D444000A733A4 /* Translate.swift */,
			);
			name = Controller;
			sourceTree = "<group>";
		};
		C9B02F3A2639E8C30036D04D /* Models */ = {
			isa = PBXGroup;
			children = (
				C9B02F3B2639E8F20036D04D /* UserDefault.swift */,
				C9B02F3F2639E9940036D04D /* UserSettings.swift */,
				C9B02F512639FC700036D04D /* User.swift */,
				C9EBC8F5263B408800CE09D8 /* Monument.swift */,
				C9EBC8F8263B413F00CE09D8 /* Sculptor.swift */,
				C95A0D06263C02A8009E8727 /* Storage.swift */,
				C9661F4A2641C3C40008A8EF /* BlurView.swift */,
			);
			name = Models;
			sourceTree = "<group>";
		};
		C9B02F422639E9D50036D04D /* View */ = {
			isa = PBXGroup;
			children = (
				C9B02F432639EA570036D04D /* SingInView.swift */,
				C9B02F4E2639F8900036D04D /* SingUpView.swift */,
				C99319EE263A7987000689D9 /* HomeView.swift */,
				C9EBC909263B4F7800CE09D8 /* RecordView.swift */,
				C9EBC90C263B509A00CE09D8 /* MonumentView.swift */,
			);
			path = View;
			sourceTree = "<group>";
		};
		C9EBC8FB263B423400CE09D8 /* Resources */ = {
			isa = PBXGroup;
			children = (
				C9EBC8FC263B425D00CE09D8 /* Sculptors.plist */,
				C9EBC8FF263B427300CE09D8 /* Monuments.plist */,
			);
			name = Resources;
			sourceTree = "<group>";
		};
		CD1B274C87DBB3D98FE78282 /* Pods */ = {
			isa = PBXGroup;
			children = (
				2712C543DFB3C922B3F3D0E5 /* Pods-MonumetsMinsk.debug.xcconfig */,
				A1B8E2D491D91DA47C07FF09 /* Pods-MonumetsMinsk.release.xcconfig */,
			);
			path = Pods;
			sourceTree = "<group>";
		};
/* End PBXGroup section */

/* Begin PBXNativeTarget section */
		C9B02F232639E7D10036D04D /* MonumetsMinsk */ = {
			isa = PBXNativeTarget;
			buildConfigurationList = C9B02F332639E7D20036D04D /* Build configuration list for PBXNativeTarget "MonumetsMinsk" */;
			buildPhases = (
				39B721B6454AA4754B9439DA /* [CP] Check Pods Manifest.lock */,
				C9B02F202639E7D10036D04D /* Sources */,
				C9B02F212639E7D10036D04D /* Frameworks */,
				C9B02F222639E7D10036D04D /* Resources */,
				7FD4FEBD7DECA985A2CD3DA6 /* [CP] Embed Pods Frameworks */,
			);
			buildRules = (
			);
			dependencies = (
			);
			name = MonumetsMinsk;
			productName = MonumetsMinsk;
			productReference = C9B02F242639E7D10036D04D /* MonumetsMinsk.app */;
			productType = "com.apple.product-type.application";
		};
/* End PBXNativeTarget section */

/* Begin PBXProject section */
		C9B02F1C2639E7D10036D04D /* Project object */ = {
			isa = PBXProject;
			attributes = {
				LastSwiftUpdateCheck = 1240;
				LastUpgradeCheck = 1240;
				TargetAttributes = {
					C9B02F232639E7D10036D04D = {
						CreatedOnToolsVersion = 12.4;
					};
				};
			};
			buildConfigurationList = C9B02F1F2639E7D10036D04D /* Build configuration list for PBXProject "MonumetsMinsk" */;
			compatibilityVersion = "Xcode 9.3";
			developmentRegion = en;
			hasScannedForEncodings = 0;
			knownRegions = (
				en,
				Base,
				ru,
				de,
			);
			mainGroup = C9B02F1B2639E7D10036D04D;
			productRefGroup = C9B02F252639E7D10036D04D /* Products */;
			projectDirPath = "";
			projectRoot = "";
			targets = (
				C9B02F232639E7D10036D04D /* MonumetsMinsk */,
			);
		};
/* End PBXProject section */

/* Begin PBXResourcesBuildPhase section */
		C9B02F222639E7D10036D04D /* Resources */ = {
			isa = PBXResourcesBuildPhase;
			buildActionMask = 2147483647;
			files = (
				C9EBC8FD263B425D00CE09D8 /* Sculptors.plist in Resources */,
				C92F79E9263D51D700A733A4 /* Localizable.strings in Resources */,
				C9EBC900263B427300CE09D8 /* Monuments.plist in Resources */,
				C9B02F2F2639E7D20036D04D /* Preview Assets.xcassets in Resources */,
				C9B02F2C2639E7D20036D04D /* Assets.xcassets in Resources */,
				C9B02F55263A040C0036D04D /* GoogleService-Info.plist in Resources */,
			);
			runOnlyForDeploymentPostprocessing = 0;
		};
/* End PBXResourcesBuildPhase section */

/* Begin PBXShellScriptBuildPhase section */
		39B721B6454AA4754B9439DA /* [CP] Check Pods Manifest.lock */ = {
			isa = PBXShellScriptBuildPhase;
			buildActionMask = 2147483647;
			files = (
			);
			inputFileListPaths = (
			);
			inputPaths = (
				"${PODS_PODFILE_DIR_PATH}/Podfile.lock",
				"${PODS_ROOT}/Manifest.lock",
			);
			name = "[CP] Check Pods Manifest.lock";
			outputFileListPaths = (
			);
			outputPaths = (
				"$(DERIVED_FILE_DIR)/Pods-MonumetsMinsk-checkManifestLockResult.txt",
			);
			runOnlyForDeploymentPostprocessing = 0;
			shellPath = /bin/sh;
			shellScript = "diff \"${PODS_PODFILE_DIR_PATH}/Podfile.lock\" \"${PODS_ROOT}/Manifest.lock\" > /dev/null\nif [ $? != 0 ] ; then\n    # print error to STDERR\n    echo \"error: The sandbox is not in sync with the Podfile.lock. Run 'pod install' or update your CocoaPods installation.\" >&2\n    exit 1\nfi\n# This output is used by Xcode 'outputs' to avoid re-running this script phase.\necho \"SUCCESS\" > \"${SCRIPT_OUTPUT_FILE_0}\"\n";
			showEnvVarsInLog = 0;
		};
		7FD4FEBD7DECA985A2CD3DA6 /* [CP] Embed Pods Frameworks */ = {
			isa = PBXShellScriptBuildPhase;
			buildActionMask = 2147483647;
			files = (
			);
			inputFileListPaths = (
				"${PODS_ROOT}/Target Support Files/Pods-MonumetsMinsk/Pods-MonumetsMinsk-frameworks-${CONFIGURATION}-input-files.xcfilelist",
			);
			name = "[CP] Embed Pods Frameworks";
			outputFileListPaths = (
				"${PODS_ROOT}/Target Support Files/Pods-MonumetsMinsk/Pods-MonumetsMinsk-frameworks-${CONFIGURATION}-output-files.xcfilelist",
			);
			runOnlyForDeploymentPostprocessing = 0;
			shellPath = /bin/sh;
			shellScript = "\"${PODS_ROOT}/Target Support Files/Pods-MonumetsMinsk/Pods-MonumetsMinsk-frameworks.sh\"\n";
			showEnvVarsInLog = 0;
		};
/* End PBXShellScriptBuildPhase section */

/* Begin PBXSourcesBuildPhase section */
		C9B02F202639E7D10036D04D /* Sources */ = {
			isa = PBXSourcesBuildPhase;
			buildActionMask = 2147483647;
			files = (
				C99319EF263A7987000689D9 /* HomeView.swift in Sources */,
				C9B02F2A2639E7D10036D04D /* ContentView.swift in Sources */,
				C95DA188263A10780063F3A2 /* FirebaseAuth.swift in Sources */,
				C9B02F402639E9940036D04D /* UserSettings.swift in Sources */,
				C95A0D07263C02A8009E8727 /* Storage.swift in Sources */,
				C9B02F4F2639F8900036D04D /* SingUpView.swift in Sources */,
				C9B02F282639E7D10036D04D /* MonumetsMinskApp.swift in Sources */,
				C99319F2263A8424000689D9 /* SessionStore.swift in Sources */,
				C9EBC910263B549500CE09D8 /* PlistControl.swift in Sources */,
				C9EBC8F6263B408800CE09D8 /* Monument.swift in Sources */,
				C9B02F442639EA570036D04D /* SingInView.swift in Sources */,
				C9EBC90D263B509A00CE09D8 /* MonumentView.swift in Sources */,
				C9EBC8F9263B413F00CE09D8 /* Sculptor.swift in Sources */,
				C92F79DE263D444000A733A4 /* Translate.swift in Sources */,
				C9B02F3C2639E8F20036D04D /* UserDefault.swift in Sources */,
				C9661F4B2641C3C40008A8EF /* BlurView.swift in Sources */,
				C9EBC90A263B4F7800CE09D8 /* RecordView.swift in Sources */,
				C9B02F522639FC700036D04D /* User.swift in Sources */,
			);
			runOnlyForDeploymentPostprocessing = 0;
		};
/* End PBXSourcesBuildPhase section */

/* Begin PBXVariantGroup section */
		C92F79EB263D51D700A733A4 /* Localizable.strings */ = {
			isa = PBXVariantGroup;
			children = (
				C92F79EA263D51D700A733A4 /* en */,
				C92F79ED263D524C00A733A4 /* ru */,
				C92F79EF263D525400A733A4 /* de */,
			);
			name = Localizable.strings;
			sourceTree = "<group>";
		};
/* End PBXVariantGroup section */

/* Begin XCBuildConfiguration section */
		C9B02F312639E7D20036D04D /* Debug */ = {
			isa = XCBuildConfiguration;
			buildSettings = {
				ALWAYS_SEARCH_USER_PATHS = NO;
				CLANG_ANALYZER_LOCALIZABILITY_NONLOCALIZED = YES;
				CLANG_ANALYZER_NONNULL = YES;
				CLANG_ANALYZER_NUMBER_OBJECT_CONVERSION = YES_AGGRESSIVE;
				CLANG_CXX_LANGUAGE_STANDARD = "gnu++14";
				CLANG_CXX_LIBRARY = "libc++";
				CLANG_ENABLE_MODULES = YES;
				CLANG_ENABLE_OBJC_ARC = YES;
				CLANG_ENABLE_OBJC_WEAK = YES;
				CLANG_WARN_BLOCK_CAPTURE_AUTORELEASING = YES;
				CLANG_WARN_BOOL_CONVERSION = YES;
				CLANG_WARN_COMMA = YES;
				CLANG_WARN_CONSTANT_CONVERSION = YES;
				CLANG_WARN_DEPRECATED_OBJC_IMPLEMENTATIONS = YES;
				CLANG_WARN_DIRECT_OBJC_ISA_USAGE = YES_ERROR;
				CLANG_WARN_DOCUMENTATION_COMMENTS = YES;
				CLANG_WARN_EMPTY_BODY = YES;
				CLANG_WARN_ENUM_CONVERSION = YES;
				CLANG_WARN_INFINITE_RECURSION = YES;
				CLANG_WARN_INT_CONVERSION = YES;
				CLANG_WARN_NON_LITERAL_NULL_CONVERSION = YES;
				CLANG_WARN_OBJC_IMPLICIT_RETAIN_SELF = YES;
				CLANG_WARN_OBJC_LITERAL_CONVERSION = YES;
				CLANG_WARN_OBJC_ROOT_CLASS = YES_ERROR;
				CLANG_WARN_QUOTED_INCLUDE_IN_FRAMEWORK_HEADER = YES;
				CLANG_WARN_RANGE_LOOP_ANALYSIS = YES;
				CLANG_WARN_STRICT_PROTOTYPES = YES;
				CLANG_WARN_SUSPICIOUS_MOVE = YES;
				CLANG_WARN_UNGUARDED_AVAILABILITY = YES_AGGRESSIVE;
				CLANG_WARN_UNREACHABLE_CODE = YES;
				CLANG_WARN__DUPLICATE_METHOD_MATCH = YES;
				COPY_PHASE_STRIP = NO;
				DEBUG_INFORMATION_FORMAT = dwarf;
				ENABLE_STRICT_OBJC_MSGSEND = YES;
				ENABLE_TESTABILITY = YES;
				GCC_C_LANGUAGE_STANDARD = gnu11;
				GCC_DYNAMIC_NO_PIC = NO;
				GCC_NO_COMMON_BLOCKS = YES;
				GCC_OPTIMIZATION_LEVEL = 0;
				GCC_PREPROCESSOR_DEFINITIONS = (
					"DEBUG=1",
					"$(inherited)",
				);
				GCC_WARN_64_TO_32_BIT_CONVERSION = YES;
				GCC_WARN_ABOUT_RETURN_TYPE = YES_ERROR;
				GCC_WARN_UNDECLARED_SELECTOR = YES;
				GCC_WARN_UNINITIALIZED_AUTOS = YES_AGGRESSIVE;
				GCC_WARN_UNUSED_FUNCTION = YES;
				GCC_WARN_UNUSED_VARIABLE = YES;
				IPHONEOS_DEPLOYMENT_TARGET = 14.4;
				MTL_ENABLE_DEBUG_INFO = INCLUDE_SOURCE;
				MTL_FAST_MATH = YES;
				ONLY_ACTIVE_ARCH = YES;
				SDKROOT = iphoneos;
				SWIFT_ACTIVE_COMPILATION_CONDITIONS = DEBUG;
				SWIFT_OPTIMIZATION_LEVEL = "-Onone";
			};
			name = Debug;
		};
		C9B02F322639E7D20036D04D /* Release */ = {
			isa = XCBuildConfiguration;
			buildSettings = {
				ALWAYS_SEARCH_USER_PATHS = NO;
				CLANG_ANALYZER_LOCALIZABILITY_NONLOCALIZED = YES;
				CLANG_ANALYZER_NONNULL = YES;
				CLANG_ANALYZER_NUMBER_OBJECT_CONVERSION = YES_AGGRESSIVE;
				CLANG_CXX_LANGUAGE_STANDARD = "gnu++14";
				CLANG_CXX_LIBRARY = "libc++";
				CLANG_ENABLE_MODULES = YES;
				CLANG_ENABLE_OBJC_ARC = YES;
				CLANG_ENABLE_OBJC_WEAK = YES;
				CLANG_WARN_BLOCK_CAPTURE_AUTORELEASING = YES;
				CLANG_WARN_BOOL_CONVERSION = YES;
				CLANG_WARN_COMMA = YES;
				CLANG_WARN_CONSTANT_CONVERSION = YES;
				CLANG_WARN_DEPRECATED_OBJC_IMPLEMENTATIONS = YES;
				CLANG_WARN_DIRECT_OBJC_ISA_USAGE = YES_ERROR;
				CLANG_WARN_DOCUMENTATION_COMMENTS = YES;
				CLANG_WARN_EMPTY_BODY = YES;
				CLANG_WARN_ENUM_CONVERSION = YES;
				CLANG_WARN_INFINITE_RECURSION = YES;
				CLANG_WARN_INT_CONVERSION = YES;
				CLANG_WARN_NON_LITERAL_NULL_CONVERSION = YES;
				CLANG_WARN_OBJC_IMPLICIT_RETAIN_SELF = YES;
				CLANG_WARN_OBJC_LITERAL_CONVERSION = YES;
				CLANG_WARN_OBJC_ROOT_CLASS = YES_ERROR;
				CLANG_WARN_QUOTED_INCLUDE_IN_FRAMEWORK_HEADER = YES;
				CLANG_WARN_RANGE_LOOP_ANALYSIS = YES;
				CLANG_WARN_STRICT_PROTOTYPES = YES;
				CLANG_WARN_SUSPICIOUS_MOVE = YES;
				CLANG_WARN_UNGUARDED_AVAILABILITY = YES_AGGRESSIVE;
				CLANG_WARN_UNREACHABLE_CODE = YES;
				CLANG_WARN__DUPLICATE_METHOD_MATCH = YES;
				COPY_PHASE_STRIP = NO;
				DEBUG_INFORMATION_FORMAT = "dwarf-with-dsym";
				ENABLE_NS_ASSERTIONS = NO;
				ENABLE_STRICT_OBJC_MSGSEND = YES;
				GCC_C_LANGUAGE_STANDARD = gnu11;
				GCC_NO_COMMON_BLOCKS = YES;
				GCC_WARN_64_TO_32_BIT_CONVERSION = YES;
				GCC_WARN_ABOUT_RETURN_TYPE = YES_ERROR;
				GCC_WARN_UNDECLARED_SELECTOR = YES;
				GCC_WARN_UNINITIALIZED_AUTOS = YES_AGGRESSIVE;
				GCC_WARN_UNUSED_FUNCTION = YES;
				GCC_WARN_UNUSED_VARIABLE = YES;
				IPHONEOS_DEPLOYMENT_TARGET = 14.4;
				MTL_ENABLE_DEBUG_INFO = NO;
				MTL_FAST_MATH = YES;
				SDKROOT = iphoneos;
				SWIFT_COMPILATION_MODE = wholemodule;
				SWIFT_OPTIMIZATION_LEVEL = "-O";
				VALIDATE_PRODUCT = YES;
			};
			name = Release;
		};
		C9B02F342639E7D20036D04D /* Debug */ = {
			isa = XCBuildConfiguration;
			baseConfigurationReference = 2712C543DFB3C922B3F3D0E5 /* Pods-MonumetsMinsk.debug.xcconfig */;
			buildSettings = {
				ASSETCATALOG_COMPILER_APPICON_NAME = AppIcon;
				ASSETCATALOG_COMPILER_GLOBAL_ACCENT_COLOR_NAME = AccentColor;
				CODE_SIGN_STYLE = Automatic;
				DEVELOPMENT_ASSET_PATHS = "\"MonumetsMinsk/Preview Content\"";
				DEVELOPMENT_TEAM = MF32PRG58A;
				ENABLE_PREVIEWS = YES;
				INFOPLIST_FILE = MonumetsMinsk/Info.plist;
				IPHONEOS_DEPLOYMENT_TARGET = 14.0;
				LD_RUNPATH_SEARCH_PATHS = (
					"$(inherited)",
					"@executable_path/Frameworks",
				);
				PRODUCT_BUNDLE_IDENTIFIER = ndt080.MonumetsMinsk;
				PRODUCT_NAME = "$(TARGET_NAME)";
				SWIFT_VERSION = 5.0;
				TARGETED_DEVICE_FAMILY = "1,2";
			};
			name = Debug;
		};
		C9B02F352639E7D20036D04D /* Release */ = {
			isa = XCBuildConfiguration;
			baseConfigurationReference = A1B8E2D491D91DA47C07FF09 /* Pods-MonumetsMinsk.release.xcconfig */;
			buildSettings = {
				ASSETCATALOG_COMPILER_APPICON_NAME = AppIcon;
				ASSETCATALOG_COMPILER_GLOBAL_ACCENT_COLOR_NAME = AccentColor;
				CODE_SIGN_STYLE = Automatic;
				DEVELOPMENT_ASSET_PATHS = "\"MonumetsMinsk/Preview Content\"";
				DEVELOPMENT_TEAM = MF32PRG58A;
				ENABLE_PREVIEWS = YES;
				INFOPLIST_FILE = MonumetsMinsk/Info.plist;
				IPHONEOS_DEPLOYMENT_TARGET = 14.0;
				LD_RUNPATH_SEARCH_PATHS = (
					"$(inherited)",
					"@executable_path/Frameworks",
				);
				PRODUCT_BUNDLE_IDENTIFIER = ndt080.MonumetsMinsk;
				PRODUCT_NAME = "$(TARGET_NAME)";
				SWIFT_VERSION = 5.0;
				TARGETED_DEVICE_FAMILY = "1,2";
			};
			name = Release;
		};
/* End XCBuildConfiguration section */

/* Begin XCConfigurationList section */
		C9B02F1F2639E7D10036D04D /* Build configuration list for PBXProject "MonumetsMinsk" */ = {
			isa = XCConfigurationList;
			buildConfigurations = (
				C9B02F312639E7D20036D04D /* Debug */,
				C9B02F322639E7D20036D04D /* Release */,
			);
			defaultConfigurationIsVisible = 0;
			defaultConfigurationName = Release;
		};
		C9B02F332639E7D20036D04D /* Build configuration list for PBXNativeTarget "MonumetsMinsk" */ = {
			isa = XCConfigurationList;
			buildConfigurations = (
				C9B02F342639E7D20036D04D /* Debug */,
				C9B02F352639E7D20036D04D /* Release */,
			);
			defaultConfigurationIsVisible = 0;
			defaultConfigurationName = Release;
		};
/* End XCConfigurationList section */
	};
	rootObject = C9B02F1C2639E7D10036D04D /* Project object */;
}
